Microsoft Visual Studio Solution File, Format Version 12.00
# Visual Studio 2013
Project("{8BC9CEB8-8B4A-11D0-8D11-00A0C91BC942}") = "ALL_BUILD", "ALL_BUILD.vcxproj", "{444B08D0-5B17-4C98-87B2-ECAD5C1BDAE3}"
	ProjectSection(ProjectDependencies) = postProject
		{395DF748-D0BE-43BF-A1AA-AA93FB9732B2} = {395DF748-D0BE-43BF-A1AA-AA93FB9732B2}
		{A13AFE21-9802-42C5-B60A-B720EDAA299D} = {A13AFE21-9802-42C5-B60A-B720EDAA299D}
	EndProjectSection
EndProject
Project("{8BC9CEB8-8B4A-11D0-8D11-00A0C91BC942}") = "INSTALL", "INSTALL.vcxproj", "{31653F5A-A905-4E62-95A0-FDCA63D10465}"
	ProjectSection(ProjectDependencies) = postProject
		{444B08D0-5B17-4C98-87B2-ECAD5C1BDAE3} = {444B08D0-5B17-4C98-87B2-ECAD5C1BDAE3}
	EndProjectSection
EndProject
Project("{8BC9CEB8-8B4A-11D0-8D11-00A0C91BC942}") = "IlmImf", "..\..\3rdparty\openexr\IlmImf.vcxproj", "{3D935857-F0EE-421E-9131-C304F7D860E1}"
	ProjectSection(ProjectDependencies) = postProject
		{D2563C6E-C79F-4E06-A61C-C404635E4864} = {D2563C6E-C79F-4E06-A61C-C404635E4864}
		{889B6B3B-1867-4A70-B075-A4950C3B8C9A} = {889B6B3B-1867-4A70-B075-A4950C3B8C9A}
	EndProjectSection
EndProject
Project("{8BC9CEB8-8B4A-11D0-8D11-00A0C91BC942}") = "PACKAGE", "PACKAGE.vcxproj", "{9453050F-11ED-4C96-B61A-0C57A08BE719}"
	ProjectSection(ProjectDependencies) = postProject
		{444B08D0-5B17-4C98-87B2-ECAD5C1BDAE3} = {444B08D0-5B17-4C98-87B2-ECAD5C1BDAE3}
	EndProjectSection
EndProject
Project("{8BC9CEB8-8B4A-11D0-8D11-00A0C91BC942}") = "RUN_TESTS", "RUN_TESTS.vcxproj", "{F632A116-AEEF-4FEE-8394-6D8889492450}"
	ProjectSection(ProjectDependencies) = postProject
	EndProjectSection
EndProject
Project("{8BC9CEB8-8B4A-11D0-8D11-00A0C91BC942}") = "ZERO_CHECK", "..\..\ZERO_CHECK.vcxproj", "{D2563C6E-C79F-4E06-A61C-C404635E4864}"
	ProjectSection(ProjectDependencies) = postProject
	EndProjectSection
EndProject
Project("{8BC9CEB8-8B4A-11D0-8D11-00A0C91BC942}") = "libjasper", "..\..\3rdparty\libjasper\libjasper.vcxproj", "{C51F0446-3588-4B05-A22C-68E9CBB4B38B}"
	ProjectSection(ProjectDependencies) = postProject
		{D2563C6E-C79F-4E06-A61C-C404635E4864} = {D2563C6E-C79F-4E06-A61C-C404635E4864}
	EndProjectSection
EndProject
Project("{8BC9CEB8-8B4A-11D0-8D11-00A0C91BC942}") = "libjpeg", "..\..\3rdparty\libjpeg\libjpeg.vcxproj", "{3714BD81-6C56-4E1F-A10D-551A53D85F15}"
	ProjectSection(ProjectDependencies) = postProject
		{D2563C6E-C79F-4E06-A61C-C404635E4864} = {D2563C6E-C79F-4E06-A61C-C404635E4864}
	EndProjectSection
EndProject
Project("{8BC9CEB8-8B4A-11D0-8D11-00A0C91BC942}") = "libpng", "..\..\3rdparty\libpng\libpng.vcxproj", "{BBD72B33-1CE7-4B76-83F5-967757C9C5D7}"
	ProjectSection(ProjectDependencies) = postProject
		{D2563C6E-C79F-4E06-A61C-C404635E4864} = {D2563C6E-C79F-4E06-A61C-C404635E4864}
		{889B6B3B-1867-4A70-B075-A4950C3B8C9A} = {889B6B3B-1867-4A70-B075-A4950C3B8C9A}
	EndProjectSection
EndProject
Project("{8BC9CEB8-8B4A-11D0-8D11-00A0C91BC942}") = "libtiff", "..\..\3rdparty\libtiff\libtiff.vcxproj", "{1AA0863C-6854-4479-ACC4-66F9C4416DF3}"
	ProjectSection(ProjectDependencies) = postProject
		{D2563C6E-C79F-4E06-A61C-C404635E4864} = {D2563C6E-C79F-4E06-A61C-C404635E4864}
		{889B6B3B-1867-4A70-B075-A4950C3B8C9A} = {889B6B3B-1867-4A70-B075-A4950C3B8C9A}
	EndProjectSection
EndProject
Project("{8BC9CEB8-8B4A-11D0-8D11-00A0C91BC942}") = "opencv_calib3d", "..\calib3d\opencv_calib3d.vcxproj", "{93A61E3F-6A3C-42E8-81F7-48909B044E65}"
	ProjectSection(ProjectDependencies) = postProject
		{D2563C6E-C79F-4E06-A61C-C404635E4864} = {D2563C6E-C79F-4E06-A61C-C404635E4864}
		{ED850096-CBF9-4B99-918A-F2E99E76D86D} = {ED850096-CBF9-4B99-918A-F2E99E76D86D}
		{254BFAD9-EEE3-4F9C-A8AA-7B422203633D} = {254BFAD9-EEE3-4F9C-A8AA-7B422203633D}
		{395DF748-D0BE-43BF-A1AA-AA93FB9732B2} = {395DF748-D0BE-43BF-A1AA-AA93FB9732B2}
		{67B2973C-F5E7-486E-880E-662F7E8AA95A} = {67B2973C-F5E7-486E-880E-662F7E8AA95A}
		{6F697511-B734-4132-9017-92EF2290B596} = {6F697511-B734-4132-9017-92EF2290B596}
	EndProjectSection
EndProject
Project("{8BC9CEB8-8B4A-11D0-8D11-00A0C91BC942}") = "opencv_core", "..\core\opencv_core.vcxproj", "{ED850096-CBF9-4B99-918A-F2E99E76D86D}"
	ProjectSection(ProjectDependencies) = postProject
		{D2563C6E-C79F-4E06-A61C-C404635E4864} = {D2563C6E-C79F-4E06-A61C-C404635E4864}
		{889B6B3B-1867-4A70-B075-A4950C3B8C9A} = {889B6B3B-1867-4A70-B075-A4950C3B8C9A}
	EndProjectSection
EndProject
Project("{8BC9CEB8-8B4A-11D0-8D11-00A0C91BC942}") = "opencv_features2d", "..\features2d\opencv_features2d.vcxproj", "{254BFAD9-EEE3-4F9C-A8AA-7B422203633D}"
	ProjectSection(ProjectDependencies) = postProject
		{D2563C6E-C79F-4E06-A61C-C404635E4864} = {D2563C6E-C79F-4E06-A61C-C404635E4864}
		{ED850096-CBF9-4B99-918A-F2E99E76D86D} = {ED850096-CBF9-4B99-918A-F2E99E76D86D}
		{395DF748-D0BE-43BF-A1AA-AA93FB9732B2} = {395DF748-D0BE-43BF-A1AA-AA93FB9732B2}
		{67B2973C-F5E7-486E-880E-662F7E8AA95A} = {67B2973C-F5E7-486E-880E-662F7E8AA95A}
		{6F697511-B734-4132-9017-92EF2290B596} = {6F697511-B734-4132-9017-92EF2290B596}
	EndProjectSection
EndProject
Project("{8BC9CEB8-8B4A-11D0-8D11-00A0C91BC942}") = "opencv_flann", "opencv_flann.vcxproj", "{395DF748-D0BE-43BF-A1AA-AA93FB9732B2}"
	ProjectSection(ProjectDependencies) = postProject
		{D2563C6E-C79F-4E06-A61C-C404635E4864} = {D2563C6E-C79F-4E06-A61C-C404635E4864}
		{ED850096-CBF9-4B99-918A-F2E99E76D86D} = {ED850096-CBF9-4B99-918A-F2E99E76D86D}
	EndProjectSection
EndProject
Project("{8BC9CEB8-8B4A-11D0-8D11-00A0C91BC942}") = "opencv_highgui", "..\highgui\opencv_highgui.vcxproj", "{67B2973C-F5E7-486E-880E-662F7E8AA95A}"
	ProjectSection(ProjectDependencies) = postProject
		{3D935857-F0EE-421E-9131-C304F7D860E1} = {3D935857-F0EE-421E-9131-C304F7D860E1}
		{D2563C6E-C79F-4E06-A61C-C404635E4864} = {D2563C6E-C79F-4E06-A61C-C404635E4864}
		{C51F0446-3588-4B05-A22C-68E9CBB4B38B} = {C51F0446-3588-4B05-A22C-68E9CBB4B38B}
		{3714BD81-6C56-4E1F-A10D-551A53D85F15} = {3714BD81-6C56-4E1F-A10D-551A53D85F15}
		{BBD72B33-1CE7-4B76-83F5-967757C9C5D7} = {BBD72B33-1CE7-4B76-83F5-967757C9C5D7}
		{1AA0863C-6854-4479-ACC4-66F9C4416DF3} = {1AA0863C-6854-4479-ACC4-66F9C4416DF3}
		{ED850096-CBF9-4B99-918A-F2E99E76D86D} = {ED850096-CBF9-4B99-918A-F2E99E76D86D}
		{6F697511-B734-4132-9017-92EF2290B596} = {6F697511-B734-4132-9017-92EF2290B596}
		{889B6B3B-1867-4A70-B075-A4950C3B8C9A} = {889B6B3B-1867-4A70-B075-A4950C3B8C9A}
	EndProjectSection
EndProject
Project("{8BC9CEB8-8B4A-11D0-8D11-00A0C91BC942}") = "opencv_imgproc", "..\imgproc\opencv_imgproc.vcxproj", "{6F697511-B734-4132-9017-92EF2290B596}"
	ProjectSection(ProjectDependencies) = postProject
		{D2563C6E-C79F-4E06-A61C-C404635E4864} = {D2563C6E-C79F-4E06-A61C-C404635E4864}
		{ED850096-CBF9-4B99-918A-F2E99E76D86D} = {ED850096-CBF9-4B99-918A-F2E99E76D86D}
	EndProjectSection
EndProject
Project("{8BC9CEB8-8B4A-11D0-8D11-00A0C91BC942}") = "opencv_test_flann", "opencv_test_flann.vcxproj", "{A13AFE21-9802-42C5-B60A-B720EDAA299D}"
	ProjectSection(ProjectDependencies) = postProject
		{D2563C6E-C79F-4E06-A61C-C404635E4864} = {D2563C6E-C79F-4E06-A61C-C404635E4864}
		{93A61E3F-6A3C-42E8-81F7-48909B044E65} = {93A61E3F-6A3C-42E8-81F7-48909B044E65}
		{ED850096-CBF9-4B99-918A-F2E99E76D86D} = {ED850096-CBF9-4B99-918A-F2E99E76D86D}
		{254BFAD9-EEE3-4F9C-A8AA-7B422203633D} = {254BFAD9-EEE3-4F9C-A8AA-7B422203633D}
		{395DF748-D0BE-43BF-A1AA-AA93FB9732B2} = {395DF748-D0BE-43BF-A1AA-AA93FB9732B2}
		{67B2973C-F5E7-486E-880E-662F7E8AA95A} = {67B2973C-F5E7-486E-880E-662F7E8AA95A}
		{6F697511-B734-4132-9017-92EF2290B596} = {6F697511-B734-4132-9017-92EF2290B596}
		{0A44DF6E-D3C3-4557-AE59-058BE7A9F3E2} = {0A44DF6E-D3C3-4557-AE59-058BE7A9F3E2}
		{A60F5D05-5FA9-4863-91E5-C310B9B176B4} = {A60F5D05-5FA9-4863-91E5-C310B9B176B4}
	EndProjectSection
EndProject
Project("{8BC9CEB8-8B4A-11D0-8D11-00A0C91BC942}") = "opencv_ts", "..\ts\opencv_ts.vcxproj", "{0A44DF6E-D3C3-4557-AE59-058BE7A9F3E2}"
	ProjectSection(ProjectDependencies) = postProject
		{D2563C6E-C79F-4E06-A61C-C404635E4864} = {D2563C6E-C79F-4E06-A61C-C404635E4864}
		{93A61E3F-6A3C-42E8-81F7-48909B044E65} = {93A61E3F-6A3C-42E8-81F7-48909B044E65}
		{ED850096-CBF9-4B99-918A-F2E99E76D86D} = {ED850096-CBF9-4B99-918A-F2E99E76D86D}
		{254BFAD9-EEE3-4F9C-A8AA-7B422203633D} = {254BFAD9-EEE3-4F9C-A8AA-7B422203633D}
		{395DF748-D0BE-43BF-A1AA-AA93FB9732B2} = {395DF748-D0BE-43BF-A1AA-AA93FB9732B2}
		{67B2973C-F5E7-486E-880E-662F7E8AA95A} = {67B2973C-F5E7-486E-880E-662F7E8AA95A}
		{6F697511-B734-4132-9017-92EF2290B596} = {6F697511-B734-4132-9017-92EF2290B596}
		{A60F5D05-5FA9-4863-91E5-C310B9B176B4} = {A60F5D05-5FA9-4863-91E5-C310B9B176B4}
	EndProjectSection
EndProject
Project("{8BC9CEB8-8B4A-11D0-8D11-00A0C91BC942}") = "opencv_video", "..\video\opencv_video.vcxproj", "{A60F5D05-5FA9-4863-91E5-C310B9B176B4}"
	ProjectSection(ProjectDependencies) = postProject
		{D2563C6E-C79F-4E06-A61C-C404635E4864} = {D2563C6E-C79F-4E06-A61C-C404635E4864}
		{ED850096-CBF9-4B99-918A-F2E99E76D86D} = {ED850096-CBF9-4B99-918A-F2E99E76D86D}
		{6F697511-B734-4132-9017-92EF2290B596} = {6F697511-B734-4132-9017-92EF2290B596}
	EndProjectSection
EndProject
Project("{8BC9CEB8-8B4A-11D0-8D11-00A0C91BC942}") = "zlib", "..\..\3rdparty\zlib\zlib.vcxproj", "{889B6B3B-1867-4A70-B075-A4950C3B8C9A}"
	ProjectSection(ProjectDependencies) = postProject
		{D2563C6E-C79F-4E06-A61C-C404635E4864} = {D2563C6E-C79F-4E06-A61C-C404635E4864}
	EndProjectSection
EndProject
Project("{2150E333-8FDC-42A3-9474-1A3956D46DE8}") = "3rdparty", "3rdparty", "{E2B6C08A-DC65-469A-A7E1-6FDFDAA0B6EB}"
EndProject
Project("{2150E333-8FDC-42A3-9474-1A3956D46DE8}") = "CMakeTargets", "CMakeTargets", "{7FC6755C-5440-4954-B569-38D755C931B6}"
EndProject
Project("{2150E333-8FDC-42A3-9474-1A3956D46DE8}") = "modules", "modules", "{4CBA49C6-1D60-4527-A222-7DE0BA0C5541}"
EndProject
Project("{2150E333-8FDC-42A3-9474-1A3956D46DE8}") = "tests accuracy", "tests accuracy", "{D8B73E2F-7062-4C59-BF07-F67A9A8E8958}"
EndProject
Global
	GlobalSection(SolutionConfigurationPlatforms) = preSolution
		Debug|Win32 = Debug|Win32
		Release|Win32 = Release|Win32
	EndGlobalSection
	GlobalSection(ProjectConfigurationPlatforms) = postSolution
		{444B08D0-5B17-4C98-87B2-ECAD5C1BDAE3}.Debug|Win32.ActiveCfg = Debug|Win32
		{444B08D0-5B17-4C98-87B2-ECAD5C1BDAE3}.Debug|Win32.Build.0 = Debug|Win32
		{444B08D0-5B17-4C98-87B2-ECAD5C1BDAE3}.Release|Win32.ActiveCfg = Release|Win32
		{444B08D0-5B17-4C98-87B2-ECAD5C1BDAE3}.Release|Win32.Build.0 = Release|Win32
		{31653F5A-A905-4E62-95A0-FDCA63D10465}.Debug|Win32.ActiveCfg = Debug|Win32
		{31653F5A-A905-4E62-95A0-FDCA63D10465}.Release|Win32.ActiveCfg = Release|Win32
		{3D935857-F0EE-421E-9131-C304F7D860E1}.Debug|Win32.ActiveCfg = Debug|Win32
		{3D935857-F0EE-421E-9131-C304F7D860E1}.Debug|Win32.Build.0 = Debug|Win32
		{3D935857-F0EE-421E-9131-C304F7D860E1}.Release|Win32.ActiveCfg = Release|Win32
		{3D935857-F0EE-421E-9131-C304F7D860E1}.Release|Win32.Build.0 = Release|Win32
		{9453050F-11ED-4C96-B61A-0C57A08BE719}.Debug|Win32.ActiveCfg = Debug|Win32
		{9453050F-11ED-4C96-B61A-0C57A08BE719}.Release|Win32.ActiveCfg = Release|Win32
		{F632A116-AEEF-4FEE-8394-6D8889492450}.Debug|Win32.ActiveCfg = Debug|Win32
		{F632A116-AEEF-4FEE-8394-6D8889492450}.Release|Win32.ActiveCfg = Release|Win32
		{D2563C6E-C79F-4E06-A61C-C404635E4864}.Debug|Win32.ActiveCfg = Debug|Win32
		{D2563C6E-C79F-4E06-A61C-C404635E4864}.Debug|Win32.Build.0 = Debug|Win32
		{D2563C6E-C79F-4E06-A61C-C404635E4864}.Release|Win32.ActiveCfg = Release|Win32
		{D2563C6E-C79F-4E06-A61C-C404635E4864}.Release|Win32.Build.0 = Release|Win32
		{C51F0446-3588-4B05-A22C-68E9CBB4B38B}.Debug|Win32.ActiveCfg = Debug|Win32
		{C51F0446-3588-4B05-A22C-68E9CBB4B38B}.Debug|Win32.Build.0 = Debug|Win32
		{C51F0446-3588-4B05-A22C-68E9CBB4B38B}.Release|Win32.ActiveCfg = Release|Win32
		{C51F0446-3588-4B05-A22C-68E9CBB4B38B}.Release|Win32.Build.0 = Release|Win32
		{3714BD81-6C56-4E1F-A10D-551A53D85F15}.Debug|Win32.ActiveCfg = Debug|Win32
		{3714BD81-6C56-4E1F-A10D-551A53D85F15}.Debug|Win32.Build.0 = Debug|Win32
		{3714BD81-6C56-4E1F-A10D-551A53D85F15}.Release|Win32.ActiveCfg = Release|Win32
		{3714BD81-6C56-4E1F-A10D-551A53D85F15}.Release|Win32.Build.0 = Release|Win32
		{BBD72B33-1CE7-4B76-83F5-967757C9C5D7}.Debug|Win32.ActiveCfg = Debug|Win32
		{BBD72B33-1CE7-4B76-83F5-967757C9C5D7}.Debug|Win32.Build.0 = Debug|Win32
		{BBD72B33-1CE7-4B76-83F5-967757C9C5D7}.Release|Win32.ActiveCfg = Release|Win32
		{BBD72B33-1CE7-4B76-83F5-967757C9C5D7}.Release|Win32.Build.0 = Release|Win32
		{1AA0863C-6854-4479-ACC4-66F9C4416DF3}.Debug|Win32.ActiveCfg = Debug|Win32
		{1AA0863C-6854-4479-ACC4-66F9C4416DF3}.Debug|Win32.Build.0 = Debug|Win32
		{1AA0863C-6854-4479-ACC4-66F9C4416DF3}.Release|Win32.ActiveCfg = Release|Win32
		{1AA0863C-6854-4479-ACC4-66F9C4416DF3}.Release|Win32.Build.0 = Release|Win32
		{93A61E3F-6A3C-42E8-81F7-48909B044E65}.Debug|Win32.ActiveCfg = Debug|Win32
		{93A61E3F-6A3C-42E8-81F7-48909B044E65}.Debug|Win32.Build.0 = Debug|Win32
		{93A61E3F-6A3C-42E8-81F7-48909B044E65}.Release|Win32.ActiveCfg = Release|Win32
		{93A61E3F-6A3C-42E8-81F7-48909B044E65}.Release|Win32.Build.0 = Release|Win32
		{ED850096-CBF9-4B99-918A-F2E99E76D86D}.Debug|Win32.ActiveCfg = Debug|Win32
		{ED850096-CBF9-4B99-918A-F2E99E76D86D}.Debug|Win32.Build.0 = Debug|Win32
		{ED850096-CBF9-4B99-918A-F2E99E76D86D}.Release|Win32.ActiveCfg = Release|Win32
		{ED850096-CBF9-4B99-918A-F2E99E76D86D}.Release|Win32.Build.0 = Release|Win32
		{254BFAD9-EEE3-4F9C-A8AA-7B422203633D}.Debug|Win32.ActiveCfg = Debug|Win32
		{254BFAD9-EEE3-4F9C-A8AA-7B422203633D}.Debug|Win32.Build.0 = Debug|Win32
		{254BFAD9-EEE3-4F9C-A8AA-7B422203633D}.Release|Win32.ActiveCfg = Release|Win32
		{254BFAD9-EEE3-4F9C-A8AA-7B422203633D}.Release|Win32.Build.0 = Release|Win32
		{395DF748-D0BE-43BF-A1AA-AA93FB9732B2}.Debug|Win32.ActiveCfg = Debug|Win32
		{395DF748-D0BE-43BF-A1AA-AA93FB9732B2}.Debug|Win32.Build.0 = Debug|Win32
		{395DF748-D0BE-43BF-A1AA-AA93FB9732B2}.Release|Win32.ActiveCfg = Release|Win32
		{395DF748-D0BE-43BF-A1AA-AA93FB9732B2}.Release|Win32.Build.0 = Release|Win32
		{67B2973C-F5E7-486E-880E-662F7E8AA95A}.Debug|Win32.ActiveCfg = Debug|Win32
		{67B2973C-F5E7-486E-880E-662F7E8AA95A}.Debug|Win32.Build.0 = Debug|Win32
		{67B2973C-F5E7-486E-880E-662F7E8AA95A}.Release|Win32.ActiveCfg = Release|Win32
		{67B2973C-F5E7-486E-880E-662F7E8AA95A}.Release|Win32.Build.0 = Release|Win32
		{6F697511-B734-4132-9017-92EF2290B596}.Debug|Win32.ActiveCfg = Debug|Win32
		{6F697511-B734-4132-9017-92EF2290B596}.Debug|Win32.Build.0 = Debug|Win32
		{6F697511-B734-4132-9017-92EF2290B596}.Release|Win32.ActiveCfg = Release|Win32
		{6F697511-B734-4132-9017-92EF2290B596}.Release|Win32.Build.0 = Release|Win32
		{A13AFE21-9802-42C5-B60A-B720EDAA299D}.Debug|Win32.ActiveCfg = Debug|Win32
		{A13AFE21-9802-42C5-B60A-B720EDAA299D}.Debug|Win32.Build.0 = Debug|Win32
		{A13AFE21-9802-42C5-B60A-B720EDAA299D}.Release|Win32.ActiveCfg = Release|Win32
		{A13AFE21-9802-42C5-B60A-B720EDAA299D}.Release|Win32.Build.0 = Release|Win32
		{0A44DF6E-D3C3-4557-AE59-058BE7A9F3E2}.Debug|Win32.ActiveCfg = Debug|Win32
		{0A44DF6E-D3C3-4557-AE59-058BE7A9F3E2}.Debug|Win32.Build.0 = Debug|Win32
		{0A44DF6E-D3C3-4557-AE59-058BE7A9F3E2}.Release|Win32.ActiveCfg = Release|Win32
		{0A44DF6E-D3C3-4557-AE59-058BE7A9F3E2}.Release|Win32.Build.0 = Release|Win32
		{A60F5D05-5FA9-4863-91E5-C310B9B176B4}.Debug|Win32.ActiveCfg = Debug|Win32
		{A60F5D05-5FA9-4863-91E5-C310B9B176B4}.Debug|Win32.Build.0 = Debug|Win32
		{A60F5D05-5FA9-4863-91E5-C310B9B176B4}.Release|Win32.ActiveCfg = Release|Win32
		{A60F5D05-5FA9-4863-91E5-C310B9B176B4}.Release|Win32.Build.0 = Release|Win32
		{889B6B3B-1867-4A70-B075-A4950C3B8C9A}.Debug|Win32.ActiveCfg = Debug|Win32
		{889B6B3B-1867-4A70-B075-A4950C3B8C9A}.Debug|Win32.Build.0 = Debug|Win32
		{889B6B3B-1867-4A70-B075-A4950C3B8C9A}.Release|Win32.ActiveCfg = Release|Win32
		{889B6B3B-1867-4A70-B075-A4950C3B8C9A}.Release|Win32.Build.0 = Release|Win32
	EndGlobalSection
	GlobalSection(NestedProjects) = preSolution
		{3D935857-F0EE-421E-9131-C304F7D860E1} = {E2B6C08A-DC65-469A-A7E1-6FDFDAA0B6EB}
		{C51F0446-3588-4B05-A22C-68E9CBB4B38B} = {E2B6C08A-DC65-469A-A7E1-6FDFDAA0B6EB}
		{3714BD81-6C56-4E1F-A10D-551A53D85F15} = {E2B6C08A-DC65-469A-A7E1-6FDFDAA0B6EB}
		{BBD72B33-1CE7-4B76-83F5-967757C9C5D7} = {E2B6C08A-DC65-469A-A7E1-6FDFDAA0B6EB}
		{1AA0863C-6854-4479-ACC4-66F9C4416DF3} = {E2B6C08A-DC65-469A-A7E1-6FDFDAA0B6EB}
		{889B6B3B-1867-4A70-B075-A4950C3B8C9A} = {E2B6C08A-DC65-469A-A7E1-6FDFDAA0B6EB}
		{31653F5A-A905-4E62-95A0-FDCA63D10465} = {7FC6755C-5440-4954-B569-38D755C931B6}
		{9453050F-11ED-4C96-B61A-0C57A08BE719} = {7FC6755C-5440-4954-B569-38D755C931B6}
		{F632A116-AEEF-4FEE-8394-6D8889492450} = {7FC6755C-5440-4954-B569-38D755C931B6}
		{D2563C6E-C79F-4E06-A61C-C404635E4864} = {7FC6755C-5440-4954-B569-38D755C931B6}
		{93A61E3F-6A3C-42E8-81F7-48909B044E65} = {4CBA49C6-1D60-4527-A222-7DE0BA0C5541}
		{ED850096-CBF9-4B99-918A-F2E99E76D86D} = {4CBA49C6-1D60-4527-A222-7DE0BA0C5541}
		{254BFAD9-EEE3-4F9C-A8AA-7B422203633D} = {4CBA49C6-1D60-4527-A222-7DE0BA0C5541}
		{395DF748-D0BE-43BF-A1AA-AA93FB9732B2} = {4CBA49C6-1D60-4527-A222-7DE0BA0C5541}
		{67B2973C-F5E7-486E-880E-662F7E8AA95A} = {4CBA49C6-1D60-4527-A222-7DE0BA0C5541}
		{6F697511-B734-4132-9017-92EF2290B596} = {4CBA49C6-1D60-4527-A222-7DE0BA0C5541}
		{0A44DF6E-D3C3-4557-AE59-058BE7A9F3E2} = {4CBA49C6-1D60-4527-A222-7DE0BA0C5541}
		{A60F5D05-5FA9-4863-91E5-C310B9B176B4} = {4CBA49C6-1D60-4527-A222-7DE0BA0C5541}
		{A13AFE21-9802-42C5-B60A-B720EDAA299D} = {D8B73E2F-7062-4C59-BF07-F67A9A8E8958}
	EndGlobalSection
	GlobalSection(ExtensibilityGlobals) = postSolution
	EndGlobalSection
	GlobalSection(ExtensibilityAddIns) = postSolution
	EndGlobalSection
EndGlobal
