<?xml version="1.0" encoding="utf-8"?>
<Project ToolsVersion="12.0" xmlns="http://schemas.microsoft.com/developer/msbuild/2003">
  <ItemGroup>
    <ClCompile Include="D:\machine_vision\code\opencv_source\sources\modules\ml\src\ann_mlp.cpp">
      <Filter>Src</Filter>
    </ClCompile>
    <ClCompile Include="D:\machine_vision\code\opencv_source\sources\modules\ml\src\boost.cpp">
      <Filter>Src</Filter>
    </ClCompile>
    <ClCompile Include="D:\machine_vision\code\opencv_source\sources\modules\ml\src\cnn.cpp">
      <Filter>Src</Filter>
    </ClCompile>
    <ClCompile Include="D:\machine_vision\code\opencv_source\sources\modules\ml\src\data.cpp">
      <Filter>Src</Filter>
    </ClCompile>
    <ClCompile Include="D:\machine_vision\code\opencv_source\sources\modules\ml\src\em.cpp">
      <Filter>Src</Filter>
    </ClCompile>
    <ClCompile Include="D:\machine_vision\code\opencv_source\sources\modules\ml\src\ertrees.cpp">
      <Filter>Src</Filter>
    </ClCompile>
    <ClCompile Include="D:\machine_vision\code\opencv_source\sources\modules\ml\src\estimate.cpp">
      <Filter>Src</Filter>
    </ClCompile>
    <ClCompile Include="D:\machine_vision\code\opencv_source\sources\modules\ml\src\gbt.cpp">
      <Filter>Src</Filter>
    </ClCompile>
    <ClCompile Include="D:\machine_vision\code\opencv_source\sources\modules\ml\src\inner_functions.cpp">
      <Filter>Src</Filter>
    </ClCompile>
    <ClCompile Include="D:\machine_vision\code\opencv_source\sources\modules\ml\src\knearest.cpp">
      <Filter>Src</Filter>
    </ClCompile>
    <ClCompile Include="D:\machine_vision\code\opencv_source\sources\modules\ml\src\ml_init.cpp">
      <Filter>Src</Filter>
    </ClCompile>
    <ClCompile Include="D:\machine_vision\code\opencv_source\sources\modules\ml\src\nbayes.cpp">
      <Filter>Src</Filter>
    </ClCompile>
    <ClCompile Include="D:\machine_vision\code\opencv_source\sources\modules\ml\src\rtrees.cpp">
      <Filter>Src</Filter>
    </ClCompile>
    <ClCompile Include="D:\machine_vision\code\opencv_source\sources\modules\ml\src\svm.cpp">
      <Filter>Src</Filter>
    </ClCompile>
    <ClCompile Include="D:\machine_vision\code\opencv_source\sources\modules\ml\src\testset.cpp">
      <Filter>Src</Filter>
    </ClCompile>
    <ClCompile Include="D:\machine_vision\code\opencv_source\sources\modules\ml\src\tree.cpp">
      <Filter>Src</Filter>
    </ClCompile>
    <ClCompile Include="opencv_ml_pch.cpp">
      <Filter>Source Files</Filter>
    </ClCompile>
  </ItemGroup>
  <ItemGroup>
    <ClInclude Include="D:\machine_vision\code\opencv_source\sources\modules\ml\include\opencv2\ml.hpp">
      <Filter>Include</Filter>
    </ClInclude>
    <ClInclude Include="D:\machine_vision\code\opencv_source\sources\modules\ml\include\opencv2\ml\ml.hpp">
      <Filter>Include</Filter>
    </ClInclude>
    <ClInclude Include="D:\machine_vision\code\opencv_source\sources\modules\ml\src\precomp.hpp">
      <Filter>Src</Filter>
    </ClInclude>
    <ClInclude Include="..\..\cvconfig.h">
      <Filter>Header Files</Filter>
    </ClInclude>
    <ClInclude Include="..\..\opencv2\opencv_modules.hpp">
      <Filter>Header Files</Filter>
    </ClInclude>
  </ItemGroup>
  <ItemGroup>
    <CustomBuild Include="D:\machine_vision\code\opencv_source\sources\modules\ml\CMakeLists.txt" />
  </ItemGroup>
  <ItemGroup>
    <Filter Include="Source Files">
      <UniqueIdentifier>{930970E6-C7BC-44C1-A861-86DE73964933}</UniqueIdentifier>
    </Filter>
    <Filter Include="Header Files">
      <UniqueIdentifier>{AB84CC19-1177-4C53-97D8-750175A36DBB}</UniqueIdentifier>
    </Filter>
    <Filter Include="Src">
      <UniqueIdentifier>{B6122701-5E1D-404D-A91F-5981F672758C}</UniqueIdentifier>
    </Filter>
    <Filter Include="Include">
      <UniqueIdentifier>{633EE07A-4918-4255-AEDE-E8C7FD60A659}</UniqueIdentifier>
    </Filter>
  </ItemGroup>
</Project>
