<?xml version="1.0" encoding="utf-8"?>
<Project ToolsVersion="12.0" xmlns="http://schemas.microsoft.com/developer/msbuild/2003">
  <ItemGroup>
    <ClCompile Include="D:\machine_vision\code\opencv_source\sources\modules\ocl\perf\main.cpp">
      <Filter>Src</Filter>
    </ClCompile>
    <ClCompile Include="D:\machine_vision\code\opencv_source\sources\modules\ocl\perf\perf_arithm.cpp">
      <Filter>Src</Filter>
    </ClCompile>
    <ClCompile Include="D:\machine_vision\code\opencv_source\sources\modules\ocl\perf\perf_bgfg.cpp">
      <Filter>Src</Filter>
    </ClCompile>
    <ClCompile Include="D:\machine_vision\code\opencv_source\sources\modules\ocl\perf\perf_blend.cpp">
      <Filter>Src</Filter>
    </ClCompile>
    <ClCompile Include="D:\machine_vision\code\opencv_source\sources\modules\ocl\perf\perf_brute_force_matcher.cpp">
      <Filter>Src</Filter>
    </ClCompile>
    <ClCompile Include="D:\machine_vision\code\opencv_source\sources\modules\ocl\perf\perf_calib3d.cpp">
      <Filter>Src</Filter>
    </ClCompile>
    <ClCompile Include="D:\machine_vision\code\opencv_source\sources\modules\ocl\perf\perf_canny.cpp">
      <Filter>Src</Filter>
    </ClCompile>
    <ClCompile Include="D:\machine_vision\code\opencv_source\sources\modules\ocl\perf\perf_color.cpp">
      <Filter>Src</Filter>
    </ClCompile>
    <ClCompile Include="D:\machine_vision\code\opencv_source\sources\modules\ocl\perf\perf_fft.cpp">
      <Filter>Src</Filter>
    </ClCompile>
    <ClCompile Include="D:\machine_vision\code\opencv_source\sources\modules\ocl\perf\perf_filters.cpp">
      <Filter>Src</Filter>
    </ClCompile>
    <ClCompile Include="D:\machine_vision\code\opencv_source\sources\modules\ocl\perf\perf_gemm.cpp">
      <Filter>Src</Filter>
    </ClCompile>
    <ClCompile Include="D:\machine_vision\code\opencv_source\sources\modules\ocl\perf\perf_gftt.cpp">
      <Filter>Src</Filter>
    </ClCompile>
    <ClCompile Include="D:\machine_vision\code\opencv_source\sources\modules\ocl\perf\perf_haar.cpp">
      <Filter>Src</Filter>
    </ClCompile>
    <ClCompile Include="D:\machine_vision\code\opencv_source\sources\modules\ocl\perf\perf_hog.cpp">
      <Filter>Src</Filter>
    </ClCompile>
    <ClCompile Include="D:\machine_vision\code\opencv_source\sources\modules\ocl\perf\perf_imgproc.cpp">
      <Filter>Src</Filter>
    </ClCompile>
    <ClCompile Include="D:\machine_vision\code\opencv_source\sources\modules\ocl\perf\perf_imgwarp.cpp">
      <Filter>Src</Filter>
    </ClCompile>
    <ClCompile Include="D:\machine_vision\code\opencv_source\sources\modules\ocl\perf\perf_kalman.cpp">
      <Filter>Src</Filter>
    </ClCompile>
    <ClCompile Include="D:\machine_vision\code\opencv_source\sources\modules\ocl\perf\perf_match_template.cpp">
      <Filter>Src</Filter>
    </ClCompile>
    <ClCompile Include="D:\machine_vision\code\opencv_source\sources\modules\ocl\perf\perf_matrix_operation.cpp">
      <Filter>Src</Filter>
    </ClCompile>
    <ClCompile Include="D:\machine_vision\code\opencv_source\sources\modules\ocl\perf\perf_ml.cpp">
      <Filter>Src</Filter>
    </ClCompile>
    <ClCompile Include="D:\machine_vision\code\opencv_source\sources\modules\ocl\perf\perf_moments.cpp">
      <Filter>Src</Filter>
    </ClCompile>
    <ClCompile Include="D:\machine_vision\code\opencv_source\sources\modules\ocl\perf\perf_opticalflow.cpp">
      <Filter>Src</Filter>
    </ClCompile>
    <ClCompile Include="D:\machine_vision\code\opencv_source\sources\modules\ocl\perf\perf_pyramid.cpp">
      <Filter>Src</Filter>
    </ClCompile>
    <ClCompile Include="D:\machine_vision\code\opencv_source\sources\modules\ocl\perf\perf_split_merge.cpp">
      <Filter>Src</Filter>
    </ClCompile>
    <ClCompile Include="D:\machine_vision\code\opencv_source\sources\modules\ocl\perf\perf_stat.cpp">
      <Filter>Src</Filter>
    </ClCompile>
    <ClCompile Include="opencv_perf_ocl_pch.cpp">
      <Filter>Source Files</Filter>
    </ClCompile>
  </ItemGroup>
  <ItemGroup>
    <ClInclude Include="D:\machine_vision\code\opencv_source\sources\modules\ocl\perf\perf_precomp.hpp">
      <Filter>Include</Filter>
    </ClInclude>
  </ItemGroup>
  <ItemGroup>
    <CustomBuild Include="D:\machine_vision\code\opencv_source\sources\modules\ocl\CMakeLists.txt" />
  </ItemGroup>
  <ItemGroup>
    <Filter Include="Source Files">
      <UniqueIdentifier>{930970E6-C7BC-44C1-A861-86DE73964933}</UniqueIdentifier>
    </Filter>
    <Filter Include="Src">
      <UniqueIdentifier>{B6122701-5E1D-404D-A91F-5981F672758C}</UniqueIdentifier>
    </Filter>
    <Filter Include="Include">
      <UniqueIdentifier>{633EE07A-4918-4255-AEDE-E8C7FD60A659}</UniqueIdentifier>
    </Filter>
  </ItemGroup>
</Project>
