<?xml version="1.0" encoding="utf-8"?>
<Project ToolsVersion="12.0" xmlns="http://schemas.microsoft.com/developer/msbuild/2003">
  <ItemGroup>
    <ClCompile Include="D:\machine_vision\code\opencv_source\sources\apps\traincascade\traincascade.cpp">
      <Filter>Source Files</Filter>
    </ClCompile>
    <ClCompile Include="D:\machine_vision\code\opencv_source\sources\apps\traincascade\cascadeclassifier.cpp">
      <Filter>Source Files</Filter>
    </ClCompile>
    <ClCompile Include="D:\machine_vision\code\opencv_source\sources\apps\traincascade\boost.cpp">
      <Filter>Source Files</Filter>
    </ClCompile>
    <ClCompile Include="D:\machine_vision\code\opencv_source\sources\apps\traincascade\features.cpp">
      <Filter>Source Files</Filter>
    </ClCompile>
    <ClCompile Include="D:\machine_vision\code\opencv_source\sources\apps\traincascade\haarfeatures.cpp">
      <Filter>Source Files</Filter>
    </ClCompile>
    <ClCompile Include="D:\machine_vision\code\opencv_source\sources\apps\traincascade\lbpfeatures.cpp">
      <Filter>Source Files</Filter>
    </ClCompile>
    <ClCompile Include="D:\machine_vision\code\opencv_source\sources\apps\traincascade\HOGfeatures.cpp">
      <Filter>Source Files</Filter>
    </ClCompile>
    <ClCompile Include="D:\machine_vision\code\opencv_source\sources\apps\traincascade\imagestorage.cpp">
      <Filter>Source Files</Filter>
    </ClCompile>
  </ItemGroup>
  <ItemGroup>
    <ClInclude Include="D:\machine_vision\code\opencv_source\sources\apps\traincascade\cascadeclassifier.h">
      <Filter>Header Files</Filter>
    </ClInclude>
    <ClInclude Include="D:\machine_vision\code\opencv_source\sources\apps\traincascade\boost.h">
      <Filter>Header Files</Filter>
    </ClInclude>
    <ClInclude Include="D:\machine_vision\code\opencv_source\sources\apps\traincascade\traincascade_features.h">
      <Filter>Header Files</Filter>
    </ClInclude>
    <ClInclude Include="D:\machine_vision\code\opencv_source\sources\apps\traincascade\haarfeatures.h">
      <Filter>Header Files</Filter>
    </ClInclude>
    <ClInclude Include="D:\machine_vision\code\opencv_source\sources\apps\traincascade\lbpfeatures.h">
      <Filter>Header Files</Filter>
    </ClInclude>
    <ClInclude Include="D:\machine_vision\code\opencv_source\sources\apps\traincascade\HOGfeatures.h">
      <Filter>Header Files</Filter>
    </ClInclude>
    <ClInclude Include="D:\machine_vision\code\opencv_source\sources\apps\traincascade\imagestorage.h">
      <Filter>Header Files</Filter>
    </ClInclude>
  </ItemGroup>
  <ItemGroup>
    <CustomBuild Include="D:\machine_vision\code\opencv_source\sources\apps\traincascade\CMakeLists.txt" />
  </ItemGroup>
  <ItemGroup>
    <Filter Include="Source Files">
      <UniqueIdentifier>{930970E6-C7BC-44C1-A861-86DE73964933}</UniqueIdentifier>
    </Filter>
    <Filter Include="Header Files">
      <UniqueIdentifier>{AB84CC19-1177-4C53-97D8-750175A36DBB}</UniqueIdentifier>
    </Filter>
  </ItemGroup>
</Project>
