<?xml version="1.0" encoding="utf-8"?>
<Project ToolsVersion="12.0" xmlns="http://schemas.microsoft.com/developer/msbuild/2003">
  <ItemGroup>
    <ClCompile Include="D:\machine_vision\code\opencv_source\sources\modules\calib3d\src\calibinit.cpp">
      <Filter>Src</Filter>
    </ClCompile>
    <ClCompile Include="D:\machine_vision\code\opencv_source\sources\modules\calib3d\src\calibration.cpp">
      <Filter>Src</Filter>
    </ClCompile>
    <ClCompile Include="D:\machine_vision\code\opencv_source\sources\modules\calib3d\src\checkchessboard.cpp">
      <Filter>Src</Filter>
    </ClCompile>
    <ClCompile Include="D:\machine_vision\code\opencv_source\sources\modules\calib3d\src\circlesgrid.cpp">
      <Filter>Src</Filter>
    </ClCompile>
    <ClCompile Include="D:\machine_vision\code\opencv_source\sources\modules\calib3d\src\epnp.cpp">
      <Filter>Src</Filter>
    </ClCompile>
    <ClCompile Include="D:\machine_vision\code\opencv_source\sources\modules\calib3d\src\fisheye.cpp">
      <Filter>Src</Filter>
    </ClCompile>
    <ClCompile Include="D:\machine_vision\code\opencv_source\sources\modules\calib3d\src\fundam.cpp">
      <Filter>Src</Filter>
    </ClCompile>
    <ClCompile Include="D:\machine_vision\code\opencv_source\sources\modules\calib3d\src\modelest.cpp">
      <Filter>Src</Filter>
    </ClCompile>
    <ClCompile Include="D:\machine_vision\code\opencv_source\sources\modules\calib3d\src\p3p.cpp">
      <Filter>Src</Filter>
    </ClCompile>
    <ClCompile Include="D:\machine_vision\code\opencv_source\sources\modules\calib3d\src\polynom_solver.cpp">
      <Filter>Src</Filter>
    </ClCompile>
    <ClCompile Include="D:\machine_vision\code\opencv_source\sources\modules\calib3d\src\posit.cpp">
      <Filter>Src</Filter>
    </ClCompile>
    <ClCompile Include="D:\machine_vision\code\opencv_source\sources\modules\calib3d\src\quadsubpix.cpp">
      <Filter>Src</Filter>
    </ClCompile>
    <ClCompile Include="D:\machine_vision\code\opencv_source\sources\modules\calib3d\src\solvepnp.cpp">
      <Filter>Src</Filter>
    </ClCompile>
    <ClCompile Include="D:\machine_vision\code\opencv_source\sources\modules\calib3d\src\stereobm.cpp">
      <Filter>Src</Filter>
    </ClCompile>
    <ClCompile Include="D:\machine_vision\code\opencv_source\sources\modules\calib3d\src\stereosgbm.cpp">
      <Filter>Src</Filter>
    </ClCompile>
    <ClCompile Include="D:\machine_vision\code\opencv_source\sources\modules\calib3d\src\triangulate.cpp">
      <Filter>Src</Filter>
    </ClCompile>
    <ClCompile Include="opencv_calib3d_pch.cpp">
      <Filter>Source Files</Filter>
    </ClCompile>
  </ItemGroup>
  <ItemGroup>
    <ClInclude Include="D:\machine_vision\code\opencv_source\sources\modules\calib3d\include\opencv2\calib3d.hpp">
      <Filter>Include</Filter>
    </ClInclude>
    <ClInclude Include="D:\machine_vision\code\opencv_source\sources\modules\calib3d\include\opencv2\calib3d\calib3d.hpp">
      <Filter>Include</Filter>
    </ClInclude>
    <ClInclude Include="D:\machine_vision\code\opencv_source\sources\modules\calib3d\src\circlesgrid.hpp">
      <Filter>Src</Filter>
    </ClInclude>
    <ClInclude Include="D:\machine_vision\code\opencv_source\sources\modules\calib3d\src\fisheye.hpp">
      <Filter>Src</Filter>
    </ClInclude>
    <ClInclude Include="D:\machine_vision\code\opencv_source\sources\modules\calib3d\src\precomp.hpp">
      <Filter>Src</Filter>
    </ClInclude>
    <ClInclude Include="D:\machine_vision\code\opencv_source\sources\modules\calib3d\src\epnp.h">
      <Filter>Src</Filter>
    </ClInclude>
    <ClInclude Include="D:\machine_vision\code\opencv_source\sources\modules\calib3d\src\p3p.h">
      <Filter>Src</Filter>
    </ClInclude>
    <ClInclude Include="D:\machine_vision\code\opencv_source\sources\modules\calib3d\src\polynom_solver.h">
      <Filter>Src</Filter>
    </ClInclude>
    <ClInclude Include="D:\machine_vision\code\opencv_source\sources\modules\calib3d\src\_modelest.h">
      <Filter>Src</Filter>
    </ClInclude>
    <ClInclude Include="..\..\cvconfig.h">
      <Filter>Header Files</Filter>
    </ClInclude>
    <ClInclude Include="..\..\opencv2\opencv_modules.hpp">
      <Filter>Header Files</Filter>
    </ClInclude>
  </ItemGroup>
  <ItemGroup>
    <CustomBuild Include="D:\machine_vision\code\opencv_source\sources\modules\calib3d\CMakeLists.txt" />
  </ItemGroup>
  <ItemGroup>
    <Filter Include="Source Files">
      <UniqueIdentifier>{930970E6-C7BC-44C1-A861-86DE73964933}</UniqueIdentifier>
    </Filter>
    <Filter Include="Header Files">
      <UniqueIdentifier>{AB84CC19-1177-4C53-97D8-750175A36DBB}</UniqueIdentifier>
    </Filter>
    <Filter Include="Src">
      <UniqueIdentifier>{B6122701-5E1D-404D-A91F-5981F672758C}</UniqueIdentifier>
    </Filter>
    <Filter Include="Include">
      <UniqueIdentifier>{633EE07A-4918-4255-AEDE-E8C7FD60A659}</UniqueIdentifier>
    </Filter>
  </ItemGroup>
</Project>
